// !$*UTF8*$!
{
	archiveVersion = 1;
	classes = {
	};
	objectVersion = 46;
	objects = {

/* Begin PBXBuildFile section */
		352733A11B8B29360078C747 /* AppDelegate.m in Sources */ = {isa = PBXBuildFile; fileRef = 352733A01B8B29360078C747 /* AppDelegate.m */; };
		352733A31B8B29360078C747 /* main.m in Sources */ = {isa = PBXBuildFile; fileRef = 352733A21B8B29360078C747 /* main.m */; };
		352733A51B8B29360078C747 /* Images.xcassets in Resources */ = {isa = PBXBuildFile; fileRef = 352733A41B8B29360078C747 /* Images.xcassets */; };
		352733A81B8B29360078C747 /* MainMenu.xib in Resources */ = {isa = PBXBuildFile; fileRef = 352733A61B8B29360078C747 /* MainMenu.xib */; };
		352733B41B8B29360078C747 /* QL_DemoTests.m in Sources */ = {isa = PBXBuildFile; fileRef = 352733B31B8B29360078C747 /* QL_DemoTests.m */; };
		352733C71B8C4E2D0078C747 /* CustomTableView.m in Sources */ = {isa = PBXBuildFile; fileRef = 352733C61B8C4E2D0078C747 /* CustomTableView.m */; };
		A70712801B8D6BEA00F9B927 /* RowItem.m in Sources */ = {isa = PBXBuildFile; fileRef = A707127F1B8D6BEA00F9B927 /* RowItem.m */; };
/* End PBXBuildFile section */

/* Begin PBXContainerItemProxy section */
		352733AE1B8B29360078C747 /* PBXContainerItemProxy */ = {
			isa = PBXContainerItemProxy;
			containerPortal = 352733921B8B29350078C747 /* Project object */;
			proxyType = 1;
			remoteGlobalIDString = 352733991B8B29360078C747;
			remoteInfo = QL_Demo;
		};
/* End PBXContainerItemProxy section */

/* Begin PBXFileReference section */
		3527339A1B8B29360078C747 /* QL_Demo.app */ = {isa = PBXFileReference; explicitFileType = wrapper.application; includeInIndex = 0; path = QL_Demo.app; sourceTree = BUILT_PRODUCTS_DIR; };
		3527339E1B8B29360078C747 /* Info.plist */ = {isa = PBXFileReference; lastKnownFileType = text.plist.xml; path = Info.plist; sourceTree = "<group>"; };
		3527339F1B8B29360078C747 /* AppDelegate.h */ = {isa = PBXFileReference; lastKnownFileType = sourcecode.c.h; path = AppDelegate.h; sourceTree = "<group>"; };
		352733A01B8B29360078C747 /* AppDelegate.m */ = {isa = PBXFileReference; lastKnownFileType = sourcecode.c.objc; path = AppDelegate.m; sourceTree = "<group>"; };
		352733A21B8B29360078C747 /* main.m */ = {isa = PBXFileReference; lastKnownFileType = sourcecode.c.objc; path = main.m; sourceTree = "<group>"; };
		352733A41B8B29360078C747 /* Images.xcassets */ = {isa = PBXFileReference; lastKnownFileType = folder.assetcatalog; path = Images.xcassets; sourceTree = "<group>"; };
		352733A71B8B29360078C747 /* Base */ = {isa = PBXFileReference; lastKnownFileType = file.xib; name = Base; path = Base.lproj/MainMenu.xib; sourceTree = "<group>"; };
		352733AD1B8B29360078C747 /* QL_DemoTests.xctest */ = {isa = PBXFileReference; explicitFileType = wrapper.cfbundle; includeInIndex = 0; path = QL_DemoTests.xctest; sourceTree = BUILT_PRODUCTS_DIR; };
		352733B21B8B29360078C747 /* Info.plist */ = {isa = PBXFileReference; lastKnownFileType = text.plist.xml; path = Info.plist; sourceTree = "<group>"; };
		352733B31B8B29360078C747 /* QL_DemoTests.m */ = {isa = PBXFileReference; lastKnownFileType = sourcecode.c.objc; path = QL_DemoTests.m; sourceTree = "<group>"; };
		352733C51B8C4E2D0078C747 /* CustomTableView.h */ = {isa = PBXFileReference; fileEncoding = 4; lastKnownFileType = sourcecode.c.h; path = CustomTableView.h; sourceTree = "<group>"; };
		352733C61B8C4E2D0078C747 /* CustomTableView.m */ = {isa = PBXFileReference; fileEncoding = 4; lastKnownFileType = sourcecode.c.objc; path = CustomTableView.m; sourceTree = "<group>"; };
		A707127E1B8D6BEA00F9B927 /* RowItem.h */ = {isa = PBXFileReference; fileEncoding = 4; lastKnownFileType = sourcecode.c.h; path = RowItem.h; sourceTree = "<group>"; };
		A707127F1B8D6BEA00F9B927 /* RowItem.m */ = {isa = PBXFileReference; fileEncoding = 4; lastKnownFileType = sourcecode.c.objc; path = RowItem.m; sourceTree = "<group>"; };
/* End PBXFileReference section */

/* Begin PBXFrameworksBuildPhase section */
		352733971B8B29360078C747 /* Frameworks */ = {
			isa = PBXFrameworksBuildPhase;
			buildActionMask = 2147483647;
			files = (
			);
			runOnlyForDeploymentPostprocessing = 0;
		};
		352733AA1B8B29360078C747 /* Frameworks */ = {
			isa = PBXFrameworksBuildPhase;
			buildActionMask = 2147483647;
			files = (
			);
			runOnlyForDeploymentPostprocessing = 0;
		};
/* End PBXFrameworksBuildPhase section */

/* Begin PBXGroup section */
		352733911B8B29350078C747 = {
			isa = PBXGroup;
			children = (
				3527339C1B8B29360078C747 /* QL_Demo */,
				352733B01B8B29360078C747 /* QL_DemoTests */,
				3527339B1B8B29360078C747 /* Products */,
			);
			sourceTree = "<group>";
		};
		3527339B1B8B29360078C747 /* Products */ = {
			isa = PBXGroup;
			children = (
				3527339A1B8B29360078C747 /* QL_Demo.app */,
				352733AD1B8B29360078C747 /* QL_DemoTests.xctest */,
			);
			name = Products;
			sourceTree = "<group>";
		};
		3527339C1B8B29360078C747 /* QL_Demo */ = {
			isa = PBXGroup;
			children = (
				A707127E1B8D6BEA00F9B927 /* RowItem.h */,
				A707127F1B8D6BEA00F9B927 /* RowItem.m */,
				3527339F1B8B29360078C747 /* AppDelegate.h */,
				352733A01B8B29360078C747 /* AppDelegate.m */,
				352733C51B8C4E2D0078C747 /* CustomTableView.h */,
				352733C61B8C4E2D0078C747 /* CustomTableView.m */,
				352733A41B8B29360078C747 /* Images.xcassets */,
				352733A61B8B29360078C747 /* MainMenu.xib */,
				3527339D1B8B29360078C747 /* Supporting Files */,
			);
			path = QL_Demo;
			sourceTree = "<group>";
		};
		3527339D1B8B29360078C747 /* Supporting Files */ = {
			isa = PBXGroup;
			children = (
				3527339E1B8B29360078C747 /* Info.plist */,
				352733A21B8B29360078C747 /* main.m */,
			);
			name = "Supporting Files";
			sourceTree = "<group>";
		};
		352733B01B8B29360078C747 /* QL_DemoTests */ = {
			isa = PBXGroup;
			children = (
				352733B31B8B29360078C747 /* QL_DemoTests.m */,
				352733B11B8B29360078C747 /* Supporting Files */,
			);
			path = QL_DemoTests;
			sourceTree = "<group>";
		};
		352733B11B8B29360078C747 /* Supporting Files */ = {
			isa = PBXGroup;
			children = (
				352733B21B8B29360078C747 /* Info.plist */,
			);
			name = "Supporting Files";
			sourceTree = "<group>";
		};
/* End PBXGroup section */

/* Begin PBXNativeTarget section */
		352733991B8B29360078C747 /* QL_Demo */ = {
			isa = PBXNativeTarget;
			buildConfigurationList = 352733B71B8B29360078C747 /* Build configuration list for PBXNativeTarget "QL_Demo" */;
			buildPhases = (
				352733961B8B29360078C747 /* Sources */,
				352733971B8B29360078C747 /* Frameworks */,
				352733981B8B29360078C747 /* Resources */,
			);
			buildRules = (
			);
			dependencies = (
			);
			name = QL_Demo;
			productName = QL_Demo;
			productReference = 3527339A1B8B29360078C747 /* QL_Demo.app */;
			productType = "com.apple.product-type.application";
		};
		352733AC1B8B29360078C747 /* QL_DemoTests */ = {
			isa = PBXNativeTarget;
			buildConfigurationList = 352733BA1B8B29360078C747 /* Build configuration list for PBXNativeTarget "QL_DemoTests" */;
			buildPhases = (
				352733A91B8B29360078C747 /* Sources */,
				352733AA1B8B29360078C747 /* Frameworks */,
				352733AB1B8B29360078C747 /* Resources */,
			);
			buildRules = (
			);
			dependencies = (
				352733AF1B8B29360078C747 /* PBXTargetDependency */,
			);
			name = QL_DemoTests;
			productName = QL_DemoTests;
			productReference = 352733AD1B8B29360078C747 /* QL_DemoTests.xctest */;
			productType = "com.apple.product-type.bundle.unit-test";
		};
/* End PBXNativeTarget section */

/* Begin PBXProject section */
		352733921B8B29350078C747 /* Project object */ = {
			isa = PBXProject;
			attributes = {
				LastUpgradeCheck = 0640;
				ORGANIZATIONNAME = Smartisan_Laoyue;
				TargetAttributes = {
					352733991B8B29360078C747 = {
						CreatedOnToolsVersion = 6.4;
					};
					352733AC1B8B29360078C747 = {
						CreatedOnToolsVersion = 6.4;
						TestTargetID = 352733991B8B29360078C747;
					};
				};
			};
			buildConfigurationList = 352733951B8B29350078C747 /* Build configuration list for PBXProject "QL_Demo" */;
			compatibilityVersion = "Xcode 3.2";
			developmentRegion = English;
			hasScannedForEncodings = 0;
			knownRegions = (
				en,
				Base,
			);
			mainGroup = 352733911B8B29350078C747;
			productRefGroup = 3527339B1B8B29360078C747 /* Products */;
			projectDirPath = "";
			projectRoot = "";
			targets = (
				352733991B8B29360078C747 /* QL_Demo */,
				352733AC1B8B29360078C747 /* QL_DemoTests */,
			);
		};
/* End PBXProject section */

/* Begin PBXResourcesBuildPhase section */
		352733981B8B29360078C747 /* Resources */ = {
			isa = PBXResourcesBuildPhase;
			buildActionMask = 2147483647;
			files = (
				352733A51B8B29360078C747 /* Images.xcassets in Resources */,
				352733A81B8B29360078C747 /* MainMenu.xib in Resources */,
			);
			runOnlyForDeploymentPostprocessing = 0;
		};
		352733AB1B8B29360078C747 /* Resources */ = {
			isa = PBXResourcesBuildPhase;
			buildActionMask = 2147483647;
			files = (
			);
			runOnlyForDeploymentPostprocessing = 0;
		};
/* End PBXResourcesBuildPhase section */

/* Begin PBXSourcesBuildPhase section */
		352733961B8B29360078C747 /* Sources */ = {
			isa = PBXSourcesBuildPhase;
			buildActionMask = 2147483647;
			files = (
				352733A31B8B29360078C747 /* main.m in Sources */,
				352733A11B8B29360078C747 /* AppDelegate.m in Sources */,
				352733C71B8C4E2D0078C747 /* CustomTableView.m in Sources */,
				A70712801B8D6BEA00F9B927 /* RowItem.m in Sources */,
			);
			runOnlyForDeploymentPostprocessing = 0;
		};
		352733A91B8B29360078C747 /* Sources */ = {
			isa = PBXSourcesBuildPhase;
			buildActionMask = 2147483647;
			files = (
				352733B41B8B29360078C747 /* QL_DemoTests.m in Sources */,
			);
			runOnlyForDeploymentPostprocessing = 0;
		};
/* End PBXSourcesBuildPhase section */

/* Begin PBXTargetDependency section */
		352733AF1B8B29360078C747 /* PBXTargetDependency */ = {
			isa = PBXTargetDependency;
			target = 352733991B8B29360078C747 /* QL_Demo */;
			targetProxy = 352733AE1B8B29360078C747 /* PBXContainerItemProxy */;
		};
/* End PBXTargetDependency section */

/* Begin PBXVariantGroup section */
		352733A61B8B29360078C747 /* MainMenu.xib */ = {
			isa = PBXVariantGroup;
			children = (
				352733A71B8B29360078C747 /* Base */,
			);
			name = MainMenu.xib;
			sourceTree = "<group>";
		};
/* End PBXVariantGroup section */

/* Begin XCBuildConfiguration section */
		352733B51B8B29360078C747 /* Debug */ = {
			isa = XCBuildConfiguration;
			buildSettings = {
				ALWAYS_SEARCH_USER_PATHS = NO;
				CLANG_CXX_LANGUAGE_STANDARD = "gnu++0x";
				CLANG_CXX_LIBRARY = "libc++";
				CLANG_ENABLE_MODULES = YES;
				CLANG_ENABLE_OBJC_ARC = YES;
				CLANG_WARN_BOOL_CONVERSION = YES;
				CLANG_WARN_CONSTANT_CONVERSION = YES;
				CLANG_WARN_DIRECT_OBJC_ISA_USAGE = YES_ERROR;
				CLANG_WARN_EMPTY_BODY = YES;
				CLANG_WARN_ENUM_CONVERSION = YES;
				CLANG_WARN_INT_CONVERSION = YES;
				CLANG_WARN_OBJC_ROOT_CLASS = YES_ERROR;
				CLANG_WARN_UNREACHABLE_CODE = YES;
				CLANG_WARN__DUPLICATE_METHOD_MATCH = YES;
				CODE_SIGN_IDENTITY = "-";
				COPY_PHASE_STRIP = NO;
				DEBUG_INFORMATION_FORMAT = dwarf;
				ENABLE_STRICT_OBJC_MSGSEND = YES;
				GCC_C_LANGUAGE_STANDARD = gnu99;
				GCC_DYNAMIC_NO_PIC = NO;
				GCC_NO_COMMON_BLOCKS = YES;
				GCC_OPTIMIZATION_LEVEL = 0;
				GCC_PREPROCESSOR_DEFINITIONS = (
					"DEBUG=1",
					"$(inherited)",
				);
				GCC_SYMBOLS_PRIVATE_EXTERN = NO;
				GCC_WARN_64_TO_32_BIT_CONVERSION = YES;
				GCC_WARN_ABOUT_RETURN_TYPE = YES_ERROR;
				GCC_WARN_UNDECLARED_SELECTOR = YES;
				GCC_WARN_UNINITIALIZED_AUTOS = YES_AGGRESSIVE;
				GCC_WARN_UNUSED_FUNCTION = YES;
				GCC_WARN_UNUSED_VARIABLE = YES;
				MACOSX_DEPLOYMENT_TARGET = 10.10;
				MTL_ENABLE_DEBUG_INFO = YES;
				ONLY_ACTIVE_ARCH = YES;
				SDKROOT = macosx;
			};
			name = Debug;
		};
		352733B61B8B29360078C747 /* Release */ = {
			isa = XCBuildConfiguration;
			buildSettings = {
				ALWAYS_SEARCH_USER_PATHS = NO;
				CLANG_CXX_LANGUAGE_STANDARD = "gnu++0x";
				CLANG_CXX_LIBRARY = "libc++";
				CLANG_ENABLE_MODULES = YES;
				CLANG_ENABLE_OBJC_ARC = YES;
				CLANG_WARN_BOOL_CONVERSION = YES;
				CLANG_WARN_CONSTANT_CONVERSION = YES;
				CLANG_WARN_DIRECT_OBJC_ISA_USAGE = YES_ERROR;
				CLANG_WARN_EMPTY_BODY = YES;
				CLANG_WARN_ENUM_CONVERSION = YES;
				CLANG_WARN_INT_CONVERSION = YES;
				CLANG_WARN_OBJC_ROOT_CLASS = YES_ERROR;
				CLANG_WARN_UNREACHABLE_CODE = YES;
				CLANG_WARN__DUPLICATE_METHOD_MATCH = YES;
				CODE_SIGN_IDENTITY = "-";
				COPY_PHASE_STRIP = NO;
				DEBUG_INFORMATION_FORMAT = "dwarf-with-dsym";
				ENABLE_NS_ASSERTIONS = NO;
				ENABLE_STRICT_OBJC_MSGSEND = YES;
				GCC_C_LANGUAGE_STANDARD = gnu99;
				GCC_NO_COMMON_BLOCKS = YES;
				GCC_WARN_64_TO_32_BIT_CONVERSION = YES;
				GCC_WARN_ABOUT_RETURN_TYPE = YES_ERROR;
				GCC_WARN_UNDECLARED_SELECTOR = YES;
				GCC_WARN_UNINITIALIZED_AUTOS = YES_AGGRESSIVE;
				GCC_WARN_UNUSED_FUNCTION = YES;
				GCC_WARN_UNUSED_VARIABLE = YES;
				MACOSX_DEPLOYMENT_TARGET = 10.10;
				MTL_ENABLE_DEBUG_INFO = NO;
				SDKROOT = macosx;
			};
			name = Release;
		};
		352733B81B8B29360078C747 /* Debug */ = {
			isa = XCBuildConfiguration;
			buildSettings = {
				ASSETCATALOG_COMPILER_APPICON_NAME = AppIcon;
				COMBINE_HIDPI_IMAGES = YES;
				INFOPLIST_FILE = QL_Demo/Info.plist;
				LD_RUNPATH_SEARCH_PATHS = "$(inherited) @executable_path/../Frameworks";
				MACOSX_DEPLOYMENT_TARGET = 10.7;
				PRODUCT_NAME = "$(TARGET_NAME)";
			};
			name = Debug;
		};
		352733B91B8B29360078C747 /* Release */ = {
			isa = XCBuildConfiguration;
			buildSettings = {
				ASSETCATALOG_COMPILER_APPICON_NAME = AppIcon;
				COMBINE_HIDPI_IMAGES = YES;
				INFOPLIST_FILE = QL_Demo/Info.plist;
				LD_RUNPATH_SEARCH_PATHS = "$(inherited) @executable_path/../Frameworks";
				MACOSX_DEPLOYMENT_TARGET = 10.7;
				PRODUCT_NAME = "$(TARGET_NAME)";
			};
			name = Release;
		};
		352733BB1B8B29360078C747 /* Debug */ = {
			isa = XCBuildConfiguration;
			buildSettings = {
				BUNDLE_LOADER = "$(TEST_HOST)";
				COMBINE_HIDPI_IMAGES = YES;
				FRAMEWORK_SEARCH_PATHS = (
					"$(DEVELOPER_FRAMEWORKS_DIR)",
					"$(inherited)",
				);
				GCC_PREPROCESSOR_DEFINITIONS = (
					"DEBUG=1",
					"$(inherited)",
				);
				INFOPLIST_FILE = QL_DemoTests/Info.plist;
				LD_RUNPATH_SEARCH_PATHS = "$(inherited) @executable_path/../Frameworks @loader_path/../Frameworks";
				PRODUCT_NAME = "$(TARGET_NAME)";
				TEST_HOST = "$(BUILT_PRODUCTS_DIR)/QL_Demo.app/Contents/MacOS/QL_Demo";
			};
			name = Debug;
		};
		352733BC1B8B29360078C747 /* Release */ = {
			isa = XCBuildConfiguration;
			buildSettings = {
				BUNDLE_LOADER = "$(TEST_HOST)";
				COMBINE_HIDPI_IMAGES = YES;
				FRAMEWORK_SEARCH_PATHS = (
					"$(DEVELOPER_FRAMEWORKS_DIR)",
					"$(inherited)",
				);
				INFOPLIST_FILE = QL_DemoTests/Info.plist;
				LD_RUNPATH_SEARCH_PATHS = "$(inherited) @executable_path/../Frameworks @loader_path/../Frameworks";
				PRODUCT_NAME = "$(TARGET_NAME)";
				TEST_HOST = "$(BUILT_PRODUCTS_DIR)/QL_Demo.app/Contents/MacOS/QL_Demo";
			};
			name = Release;
		};
/* End XCBuildConfiguration section */

/* Begin XCConfigurationList section */
		352733951B8B29350078C747 /* Build configuration list for PBXProject "QL_Demo" */ = {
			isa = XCConfigurationList;
			buildConfigurations = (
				352733B51B8B29360078C747 /* Debug */,
				352733B61B8B29360078C747 /* Release */,
			);
			defaultConfigurationIsVisible = 0;
			defaultConfigurationName = Release;
		};
		352733B71B8B29360078C747 /* Build configuration list for PBXNativeTarget "QL_Demo" */ = {
			isa = XCConfigurationList;
			buildConfigurations = (
				352733B81B8B29360078C747 /* Debug */,
				352733B91B8B29360078C747 /* Release */,
			);
			defaultConfigurationIsVisible = 0;
			defaultConfigurationName = Release;
		};
		352733BA1B8B29360078C747 /* Build configuration list for PBXNativeTarget "QL_DemoTests" */ = {
			isa = XCConfigurationList;
			buildConfigurations = (
				352733BB1B8B29360078C747 /* Debug */,
				352733BC1B8B29360078C747 /* Release */,
			);
			defaultConfigurationIsVisible = 0;
			defaultConfigurationName = Release;
		};
/* End XCConfigurationList section */
	};
	rootObject = 352733921B8B29350078C747 /* Project object */;
}
